{
  "requires": true,
  "lockfileVersion": 1,
  "dependencies": {
    "vue-cli-plugin-bootstrap": {
      "version": "0.4.0",
      "resolved": "https://registry.npmjs.org/vue-cli-plugin-bootstrap/-/vue-cli-plugin-bootstrap-0.4.0.tgz",
      "integrity": "sha512-otHhgK8dL9kwXk+fDetxPMlUo6A1thoYuJCiO4JrQr26Ok/y4Lx24uJ2VX2dv6T/G5XQZZYSkEMtWnTBFv2GUA==",
      "dev": true
    }
  }
}
